
Microsoft Visual Studio Solution File, Format Version 12.00
# Visual Studio 2012
Project("{2150E333-8FDC-42A3-9474-1A3956D46DE8}") = "POC", "POC", "{52013A33-4EFA-4D2B-9ECD-DBF9E822C4F1}"
EndProject
Project("{FAE04EC0-301F-11D3-BF4B-00C04F79EFBC}") = "Product", "project4\POC\Business\Product.csproj", "{90DD4A5A-9D55-497F-BBB8-760718C996EC}"
EndProject
Project("{FAE04EC0-301F-11D3-BF4B-00C04F79EFBC}") = "ConsoleApplication1", "project4\POC\ConsoleApplication1\ConsoleApplication1.csproj", "{7AD5B341-CBFC-4F1C-A82D-1D7699A363D0}"
EndProject
Project("{FAE04EC0-301F-11D3-BF4B-00C04F79EFBC}") = "Store", "project4\POC\Data\Store\Store.csproj", "{514685D4-CCEF-4C94-9F15-824AB4298DE7}"
EndProject
Project("{FAE04EC0-301F-11D3-BF4B-00C04F79EFBC}") = "Event", "project4\POC\Environment\Event\Event.csproj", "{C2DE3A59-1532-4E8A-8279-6FDBA5D47ADF}"
EndProject
Project("{2150E333-8FDC-42A3-9474-1A3956D46DE8}") = "Arduino", "Arduino", "{A0AAD1FE-3515-456E-9380-A1EE416BD753}"
EndProject
Project("{8BC9CEB8-8B4A-11D0-8D11-00A0C91BC942}") = "ConsoleApplication3", "project4\Arduino\ConsoleApplication3\ConsoleApplication3.vcxproj", "{0D6F1CE6-00EA-46DF-B79A-6D35503C1738}"
EndProject
Project("{2150E333-8FDC-42A3-9474-1A3956D46DE8}") = "ReadRFIDTag_ino", "ReadRFIDTag_ino", "{37DB237C-CEC6-43FE-B116-23FEDC492BFA}"
	ProjectSection(SolutionItems) = preProject
		project4\Arduino\ReadRFIDTag_ino\ReadRFIDTag_ino.ino = project4\Arduino\ReadRFIDTag_ino\ReadRFIDTag_ino.ino
	EndProjectSection
EndProject
Project("{2150E333-8FDC-42A3-9474-1A3956D46DE8}") = "ReadInputFromIDE_ino", "ReadInputFromIDE_ino", "{7C694A96-16C3-4AFA-ABE9-92D3F697A403}"
	ProjectSection(SolutionItems) = preProject
		project4\Arduino\ReadInputFromIDE_ino\common.cpp = project4\Arduino\ReadInputFromIDE_ino\common.cpp
		project4\Arduino\ReadInputFromIDE_ino\common.h = project4\Arduino\ReadInputFromIDE_ino\common.h
		project4\Arduino\ReadInputFromIDE_ino\costController.cpp = project4\Arduino\ReadInputFromIDE_ino\costController.cpp
		project4\Arduino\ReadInputFromIDE_ino\costController.h = project4\Arduino\ReadInputFromIDE_ino\costController.h
		project4\Arduino\ReadInputFromIDE_ino\displayController.cpp = project4\Arduino\ReadInputFromIDE_ino\displayController.cpp
		project4\Arduino\ReadInputFromIDE_ino\displayController.h = project4\Arduino\ReadInputFromIDE_ino\displayController.h
		project4\Arduino\ReadInputFromIDE_ino\helloWorld.cpp = project4\Arduino\ReadInputFromIDE_ino\helloWorld.cpp
		project4\Arduino\ReadInputFromIDE_ino\helloWorld.h = project4\Arduino\ReadInputFromIDE_ino\helloWorld.h
		project4\Arduino\ReadInputFromIDE_ino\product.h = project4\Arduino\ReadInputFromIDE_ino\product.h
		project4\Arduino\ReadInputFromIDE_ino\productController.cpp = project4\Arduino\ReadInputFromIDE_ino\productController.cpp
		project4\Arduino\ReadInputFromIDE_ino\productController.h = project4\Arduino\ReadInputFromIDE_ino\productController.h
		project4\Arduino\ReadInputFromIDE_ino\ReadInputFromIDE_ino.ino = project4\Arduino\ReadInputFromIDE_ino\ReadInputFromIDE_ino.ino
		project4\Arduino\ReadInputFromIDE_ino\rfidController.cpp = project4\Arduino\ReadInputFromIDE_ino\rfidController.cpp
		project4\Arduino\ReadInputFromIDE_ino\rfidController.h = project4\Arduino\ReadInputFromIDE_ino\rfidController.h
		project4\Arduino\ReadInputFromIDE_ino\sensorController.cpp = project4\Arduino\ReadInputFromIDE_ino\sensorController.cpp
		project4\Arduino\ReadInputFromIDE_ino\sensorController.h = project4\Arduino\ReadInputFromIDE_ino\sensorController.h
		project4\Arduino\ReadInputFromIDE_ino\systemController.cpp = project4\Arduino\ReadInputFromIDE_ino\systemController.cpp
		project4\Arduino\ReadInputFromIDE_ino\systemController.h = project4\Arduino\ReadInputFromIDE_ino\systemController.h
	EndProjectSection
EndProject
Global
	GlobalSection(SolutionConfigurationPlatforms) = preSolution
		Debug|Any CPU = Debug|Any CPU
		Debug|Mixed Platforms = Debug|Mixed Platforms
		Debug|Win32 = Debug|Win32
		Release|Any CPU = Release|Any CPU
		Release|Mixed Platforms = Release|Mixed Platforms
		Release|Win32 = Release|Win32
	EndGlobalSection
	GlobalSection(ProjectConfigurationPlatforms) = postSolution
		{90DD4A5A-9D55-497F-BBB8-760718C996EC}.Debug|Any CPU.ActiveCfg = Debug|Any CPU
		{90DD4A5A-9D55-497F-BBB8-760718C996EC}.Debug|Any CPU.Build.0 = Debug|Any CPU
		{90DD4A5A-9D55-497F-BBB8-760718C996EC}.Debug|Mixed Platforms.ActiveCfg = Debug|Any CPU
		{90DD4A5A-9D55-497F-BBB8-760718C996EC}.Debug|Mixed Platforms.Build.0 = Debug|Any CPU
		{90DD4A5A-9D55-497F-BBB8-760718C996EC}.Debug|Win32.ActiveCfg = Debug|Any CPU
		{90DD4A5A-9D55-497F-BBB8-760718C996EC}.Release|Any CPU.ActiveCfg = Release|Any CPU
		{90DD4A5A-9D55-497F-BBB8-760718C996EC}.Release|Any CPU.Build.0 = Release|Any CPU
		{90DD4A5A-9D55-497F-BBB8-760718C996EC}.Release|Mixed Platforms.ActiveCfg = Release|Any CPU
		{90DD4A5A-9D55-497F-BBB8-760718C996EC}.Release|Mixed Platforms.Build.0 = Release|Any CPU
		{90DD4A5A-9D55-497F-BBB8-760718C996EC}.Release|Win32.ActiveCfg = Release|Any CPU
		{7AD5B341-CBFC-4F1C-A82D-1D7699A363D0}.Debug|Any CPU.ActiveCfg = Debug|Any CPU
		{7AD5B341-CBFC-4F1C-A82D-1D7699A363D0}.Debug|Any CPU.Build.0 = Debug|Any CPU
		{7AD5B341-CBFC-4F1C-A82D-1D7699A363D0}.Debug|Mixed Platforms.ActiveCfg = Debug|Any CPU
		{7AD5B341-CBFC-4F1C-A82D-1D7699A363D0}.Debug|Mixed Platforms.Build.0 = Debug|Any CPU
		{7AD5B341-CBFC-4F1C-A82D-1D7699A363D0}.Debug|Win32.ActiveCfg = Debug|Any CPU
		{7AD5B341-CBFC-4F1C-A82D-1D7699A363D0}.Release|Any CPU.ActiveCfg = Release|Any CPU
		{7AD5B341-CBFC-4F1C-A82D-1D7699A363D0}.Release|Any CPU.Build.0 = Release|Any CPU
		{7AD5B341-CBFC-4F1C-A82D-1D7699A363D0}.Release|Mixed Platforms.ActiveCfg = Release|Any CPU
		{7AD5B341-CBFC-4F1C-A82D-1D7699A363D0}.Release|Mixed Platforms.Build.0 = Release|Any CPU
		{7AD5B341-CBFC-4F1C-A82D-1D7699A363D0}.Release|Win32.ActiveCfg = Release|Any CPU
		{514685D4-CCEF-4C94-9F15-824AB4298DE7}.Debug|Any CPU.ActiveCfg = Debug|Any CPU
		{514685D4-CCEF-4C94-9F15-824AB4298DE7}.Debug|Any CPU.Build.0 = Debug|Any CPU
		{514685D4-CCEF-4C94-9F15-824AB4298DE7}.Debug|Mixed Platforms.ActiveCfg = Debug|Any CPU
		{514685D4-CCEF-4C94-9F15-824AB4298DE7}.Debug|Mixed Platforms.Build.0 = Debug|Any CPU
		{514685D4-CCEF-4C94-9F15-824AB4298DE7}.Debug|Win32.ActiveCfg = Debug|Any CPU
		{514685D4-CCEF-4C94-9F15-824AB4298DE7}.Release|Any CPU.ActiveCfg = Release|Any CPU
		{514685D4-CCEF-4C94-9F15-824AB4298DE7}.Release|Any CPU.Build.0 = Release|Any CPU
		{514685D4-CCEF-4C94-9F15-824AB4298DE7}.Release|Mixed Platforms.ActiveCfg = Release|Any CPU
		{514685D4-CCEF-4C94-9F15-824AB4298DE7}.Release|Mixed Platforms.Build.0 = Release|Any CPU
		{514685D4-CCEF-4C94-9F15-824AB4298DE7}.Release|Win32.ActiveCfg = Release|Any CPU
		{C2DE3A59-1532-4E8A-8279-6FDBA5D47ADF}.Debug|Any CPU.ActiveCfg = Debug|Any CPU
		{C2DE3A59-1532-4E8A-8279-6FDBA5D47ADF}.Debug|Any CPU.Build.0 = Debug|Any CPU
		{C2DE3A59-1532-4E8A-8279-6FDBA5D47ADF}.Debug|Mixed Platforms.ActiveCfg = Debug|Any CPU
		{C2DE3A59-1532-4E8A-8279-6FDBA5D47ADF}.Debug|Mixed Platforms.Build.0 = Debug|Any CPU
		{C2DE3A59-1532-4E8A-8279-6FDBA5D47ADF}.Debug|Win32.ActiveCfg = Debug|Any CPU
		{C2DE3A59-1532-4E8A-8279-6FDBA5D47ADF}.Release|Any CPU.ActiveCfg = Release|Any CPU
		{C2DE3A59-1532-4E8A-8279-6FDBA5D47ADF}.Release|Any CPU.Build.0 = Release|Any CPU
		{C2DE3A59-1532-4E8A-8279-6FDBA5D47ADF}.Release|Mixed Platforms.ActiveCfg = Release|Any CPU
		{C2DE3A59-1532-4E8A-8279-6FDBA5D47ADF}.Release|Mixed Platforms.Build.0 = Release|Any CPU
		{C2DE3A59-1532-4E8A-8279-6FDBA5D47ADF}.Release|Win32.ActiveCfg = Release|Any CPU
		{0D6F1CE6-00EA-46DF-B79A-6D35503C1738}.Debug|Any CPU.ActiveCfg = Debug|Win32
		{0D6F1CE6-00EA-46DF-B79A-6D35503C1738}.Debug|Mixed Platforms.ActiveCfg = Debug|Win32
		{0D6F1CE6-00EA-46DF-B79A-6D35503C1738}.Debug|Mixed Platforms.Build.0 = Debug|Win32
		{0D6F1CE6-00EA-46DF-B79A-6D35503C1738}.Debug|Win32.ActiveCfg = Debug|Win32
		{0D6F1CE6-00EA-46DF-B79A-6D35503C1738}.Debug|Win32.Build.0 = Debug|Win32
		{0D6F1CE6-00EA-46DF-B79A-6D35503C1738}.Release|Any CPU.ActiveCfg = Release|Win32
		{0D6F1CE6-00EA-46DF-B79A-6D35503C1738}.Release|Mixed Platforms.ActiveCfg = Release|Win32
		{0D6F1CE6-00EA-46DF-B79A-6D35503C1738}.Release|Mixed Platforms.Build.0 = Release|Win32
		{0D6F1CE6-00EA-46DF-B79A-6D35503C1738}.Release|Win32.ActiveCfg = Release|Win32
		{0D6F1CE6-00EA-46DF-B79A-6D35503C1738}.Release|Win32.Build.0 = Release|Win32
	EndGlobalSection
	GlobalSection(SolutionProperties) = preSolution
		HideSolutionNode = FALSE
	EndGlobalSection
	GlobalSection(NestedProjects) = preSolution
		{90DD4A5A-9D55-497F-BBB8-760718C996EC} = {52013A33-4EFA-4D2B-9ECD-DBF9E822C4F1}
		{7AD5B341-CBFC-4F1C-A82D-1D7699A363D0} = {52013A33-4EFA-4D2B-9ECD-DBF9E822C4F1}
		{514685D4-CCEF-4C94-9F15-824AB4298DE7} = {52013A33-4EFA-4D2B-9ECD-DBF9E822C4F1}
		{C2DE3A59-1532-4E8A-8279-6FDBA5D47ADF} = {52013A33-4EFA-4D2B-9ECD-DBF9E822C4F1}
		{0D6F1CE6-00EA-46DF-B79A-6D35503C1738} = {A0AAD1FE-3515-456E-9380-A1EE416BD753}
		{37DB237C-CEC6-43FE-B116-23FEDC492BFA} = {A0AAD1FE-3515-456E-9380-A1EE416BD753}
		{7C694A96-16C3-4AFA-ABE9-92D3F697A403} = {A0AAD1FE-3515-456E-9380-A1EE416BD753}
	EndGlobalSection
EndGlobal
